# THIS IS AN AUTOGENERATED FILE. DO NOT EDIT THIS FILE DIRECTLY.
# yarn lockfile v1


cocoon-js@^0.0.5:
  version "0.0.5"
  resolved "https://registry.yarnpkg.com/cocoon-js/-/cocoon-js-0.0.5.tgz#2d269db2e3375014dbc43e4dda3bdd8d161b238b"
  integrity sha512-1h51/2LDnZdyQehtIIA4eqCMSef4yFvUwXQF1XWRp12KSVLCXrvuGOsnoEm7OXviM7wgEiTf1nAkjbyws9i1EQ==
  dependencies:
    jquery "^3.2.1"

jquery@^3.2.1:
  version "3.6.0"
  resolved "https://registry.yarnpkg.com/jquery/-/jquery-3.6.0.tgz#c72a09f15c1bdce142f49dbf1170bdf8adac2470"
  integrity sha512-JVzAR/AjBvVt2BmYhxRCSYysDsPcssdmTFnzyLEts9qNwmjmu4JTAMYubEfwVOSwpQ1I1sKKFcxhZCI2buerfw==
